{
  "object": {
    "pins": [
      {
        "package": "XCTestExtensions",
        "repositoryURL": "https://github.com/elegantchaos/XCTestExtensions",
        "state": {
          "branch": null,
          "revision": "15991478b5c9bda527a0a59567ad0fa26940f74c",
          "version": "1.1.2"
        }
      }
    ]
  },
  "version": 1
}
